
Microsoft Visual Studio Solution File, Format Version 12.00
# Visual Studio Version 17
VisualStudioVersion = 17.10.35013.160
MinimumVisualStudioVersion = 10.0.40219.1
Project("{9A19103F-16F7-4668-BE54-9A1E7A4F7556}") = "Application.Logo.RestApi", "Application.Logo.RestApi\Application.Logo.RestApi.csproj", "{FBCC4318-36CC-4088-9B56-6437F9CE0726}"
EndProject
Project("{9A19103F-16F7-4668-BE54-9A1E7A4F7556}") = "Application.Logo.Business", "Application.Logo.Business\Application.Logo.Business.csproj", "{86E47024-86B4-493C-8271-EDF23EB3F4C8}"
EndProject
Project("{9A19103F-16F7-4668-BE54-9A1E7A4F7556}") = "Application.Logo.Cammon", "Application.Logo.Cammon\Application.Logo.Cammon.csproj", "{BD434402-A16A-4D0A-97AE-833E25EB88F2}"
EndProject
Global
	GlobalSection(SolutionConfigurationPlatforms) = preSolution
		Debug|Any CPU = Debug|Any CPU
		Release|Any CPU = Release|Any CPU
	EndGlobalSection
	GlobalSection(ProjectConfigurationPlatforms) = postSolution
		{FBCC4318-36CC-4088-9B56-6437F9CE0726}.Debug|Any CPU.ActiveCfg = Debug|Any CPU
		{FBCC4318-36CC-4088-9B56-6437F9CE0726}.Debug|Any CPU.Build.0 = Debug|Any CPU
		{FBCC4318-36CC-4088-9B56-6437F9CE0726}.Release|Any CPU.ActiveCfg = Release|Any CPU
		{FBCC4318-36CC-4088-9B56-6437F9CE0726}.Release|Any CPU.Build.0 = Release|Any CPU
		{86E47024-86B4-493C-8271-EDF23EB3F4C8}.Debug|Any CPU.ActiveCfg = Debug|Any CPU
		{86E47024-86B4-493C-8271-EDF23EB3F4C8}.Debug|Any CPU.Build.0 = Debug|Any CPU
		{86E47024-86B4-493C-8271-EDF23EB3F4C8}.Release|Any CPU.ActiveCfg = Release|Any CPU
		{86E47024-86B4-493C-8271-EDF23EB3F4C8}.Release|Any CPU.Build.0 = Release|Any CPU
		{BD434402-A16A-4D0A-97AE-833E25EB88F2}.Debug|Any CPU.ActiveCfg = Debug|Any CPU
		{BD434402-A16A-4D0A-97AE-833E25EB88F2}.Debug|Any CPU.Build.0 = Debug|Any CPU
		{BD434402-A16A-4D0A-97AE-833E25EB88F2}.Release|Any CPU.ActiveCfg = Release|Any CPU
		{BD434402-A16A-4D0A-97AE-833E25EB88F2}.Release|Any CPU.Build.0 = Release|Any CPU
	EndGlobalSection
	GlobalSection(SolutionProperties) = preSolution
		HideSolutionNode = FALSE
	EndGlobalSection
	GlobalSection(ExtensibilityGlobals) = postSolution
		SolutionGuid = {920EE325-1CB2-4EC3-9617-25C2883DB2DC}
	EndGlobalSection
EndGlobal
